// !$*UTF8*$!
{
	archiveVersion = 1;
	classes = {
	};
	objectVersion = 77;
	objects = {

/* Begin PBXContainerItemProxy section */
		E26F18352D0109B300F58685 /* PBXContainerItemProxy */ = {
			isa = PBXContainerItemProxy;
			containerPortal = E26F181A2D0109A100F58685 /* Project object */;
			proxyType = 1;
			remoteGlobalIDString = E26F18212D0109A100F58685;
			remoteInfo = VKTestWork;
		};
		E26F183F2D0109B300F58685 /* PBXContainerItemProxy */ = {
			isa = PBXContainerItemProxy;
			containerPortal = E26F181A2D0109A100F58685 /* Project object */;
			proxyType = 1;
			remoteGlobalIDString = E26F18212D0109A100F58685;
			remoteInfo = VKTestWork;
		};
/* End PBXContainerItemProxy section */

/* Begin PBXFileReference section */
		E26F18222D0109A100F58685 /* VKTestWork.app */ = {isa = PBXFileReference; explicitFileType = wrapper.application; includeInIndex = 0; path = VKTestWork.app; sourceTree = BUILT_PRODUCTS_DIR; };
		E26F18342D0109B300F58685 /* VKTestWorkTests.xctest */ = {isa = PBXFileReference; explicitFileType = wrapper.cfbundle; includeInIndex = 0; path = VKTestWorkTests.xctest; sourceTree = BUILT_PRODUCTS_DIR; };
		E26F183E2D0109B300F58685 /* VKTestWorkUITests.xctest */ = {isa = PBXFileReference; explicitFileType = wrapper.cfbundle; includeInIndex = 0; path = VKTestWorkUITests.xctest; sourceTree = BUILT_PRODUCTS_DIR; };
/* End PBXFileReference section */

/* Begin PBXFileSystemSynchronizedRootGroup section */
		E26F18242D0109A100F58685 /* VKTestWork */ = {
			isa = PBXFileSystemSynchronizedRootGroup;
			path = VKTestWork;
			sourceTree = "<group>";
		};
		E26F18372D0109B300F58685 /* VKTestWorkTests */ = {
			isa = PBXFileSystemSynchronizedRootGroup;
			path = VKTestWorkTests;
			sourceTree = "<group>";
		};
		E26F18412D0109B300F58685 /* VKTestWorkUITests */ = {
			isa = PBXFileSystemSynchronizedRootGroup;
			path = VKTestWorkUITests;
			sourceTree = "<group>";
		};
/* End PBXFileSystemSynchronizedRootGroup section */

/* Begin PBXFrameworksBuildPhase section */
		E26F181F2D0109A100F58685 /* Frameworks */ = {
			isa = PBXFrameworksBuildPhase;
			buildActionMask = 2147483647;
			files = (
			);
			runOnlyForDeploymentPostprocessing = 0;
		};
		E26F18312D0109B300F58685 /* Frameworks */ = {
			isa = PBXFrameworksBuildPhase;
			buildActionMask = 2147483647;
			files = (
			);
			runOnlyForDeploymentPostprocessing = 0;
		};
		E26F183B2D0109B300F58685 /* Frameworks */ = {
			isa = PBXFrameworksBuildPhase;
			buildActionMask = 2147483647;
			files = (
			);
			runOnlyForDeploymentPostprocessing = 0;
		};
/* End PBXFrameworksBuildPhase section */

/* Begin PBXGroup section */
		E26F18192D0109A100F58685 = {
			isa = PBXGroup;
			children = (
				E26F18242D0109A100F58685 /* VKTestWork */,
				E26F18372D0109B300F58685 /* VKTestWorkTests */,
				E26F18412D0109B300F58685 /* VKTestWorkUITests */,
				E26F18232D0109A100F58685 /* Products */,
			);
			sourceTree = "<group>";
		};
		E26F18232D0109A100F58685 /* Products */ = {
			isa = PBXGroup;
			children = (
				E26F18222D0109A100F58685 /* VKTestWork.app */,
				E26F18342D0109B300F58685 /* VKTestWorkTests.xctest */,
				E26F183E2D0109B300F58685 /* VKTestWorkUITests.xctest */,
			);
			name = Products;
			sourceTree = "<group>";
		};
/* End PBXGroup section */

/* Begin PBXNativeTarget section */
		E26F18212D0109A100F58685 /* VKTestWork */ = {
			isa = PBXNativeTarget;
			buildConfigurationList = E26F18482D0109B300F58685 /* Build configuration list for PBXNativeTarget "VKTestWork" */;
			buildPhases = (
				E26F181E2D0109A100F58685 /* Sources */,
				E26F181F2D0109A100F58685 /* Frameworks */,
				E26F18202D0109A100F58685 /* Resources */,
			);
			buildRules = (
			);
			dependencies = (
			);
			fileSystemSynchronizedGroups = (
				E26F18242D0109A100F58685 /* VKTestWork */,
			);
			name = VKTestWork;
			packageProductDependencies = (
			);
			productName = VKTestWork;
			productReference = E26F18222D0109A100F58685 /* VKTestWork.app */;
			productType = "com.apple.product-type.application";
		};
		E26F18332D0109B300F58685 /* VKTestWorkTests */ = {
			isa = PBXNativeTarget;
			buildConfigurationList = E26F184B2D0109B300F58685 /* Build configuration list for PBXNativeTarget "VKTestWorkTests" */;
			buildPhases = (
				E26F18302D0109B300F58685 /* Sources */,
				E26F18312D0109B300F58685 /* Frameworks */,
				E26F18322D0109B300F58685 /* Resources */,
			);
			buildRules = (
			);
			dependencies = (
				E26F18362D0109B300F58685 /* PBXTargetDependency */,
			);
			fileSystemSynchronizedGroups = (
				E26F18372D0109B300F58685 /* VKTestWorkTests */,
			);
			name = VKTestWorkTests;
			packageProductDependencies = (
			);
			productName = VKTestWorkTests;
			productReference = E26F18342D0109B300F58685 /* VKTestWorkTests.xctest */;
			productType = "com.apple.product-type.bundle.unit-test";
		};
		E26F183D2D0109B300F58685 /* VKTestWorkUITests */ = {
			isa = PBXNativeTarget;
			buildConfigurationList = E26F184E2D0109B300F58685 /* Build configuration list for PBXNativeTarget "VKTestWorkUITests" */;
			buildPhases = (
				E26F183A2D0109B300F58685 /* Sources */,
				E26F183B2D0109B300F58685 /* Frameworks */,
				E26F183C2D0109B300F58685 /* Resources */,
			);
			buildRules = (
			);
			dependencies = (
				E26F18402D0109B300F58685 /* PBXTargetDependency */,
			);
			fileSystemSynchronizedGroups = (
				E26F18412D0109B300F58685 /* VKTestWorkUITests */,
			);
			name = VKTestWorkUITests;
			packageProductDependencies = (
			);
			productName = VKTestWorkUITests;
			productReference = E26F183E2D0109B300F58685 /* VKTestWorkUITests.xctest */;
			productType = "com.apple.product-type.bundle.ui-testing";
		};
/* End PBXNativeTarget section */

/* Begin PBXProject section */
		E26F181A2D0109A100F58685 /* Project object */ = {
			isa = PBXProject;
			attributes = {
				BuildIndependentTargetsInParallel = 1;
				LastSwiftUpdateCheck = 1610;
				LastUpgradeCheck = 1610;
				TargetAttributes = {
					E26F18212D0109A100F58685 = {
						CreatedOnToolsVersion = 16.1;
					};
					E26F18332D0109B300F58685 = {
						CreatedOnToolsVersion = 16.1;
						TestTargetID = E26F18212D0109A100F58685;
					};
					E26F183D2D0109B300F58685 = {
						CreatedOnToolsVersion = 16.1;
						TestTargetID = E26F18212D0109A100F58685;
					};
				};
			};
			buildConfigurationList = E26F181D2D0109A100F58685 /* Build configuration list for PBXProject "VKTestWork" */;
			developmentRegion = en;
			hasScannedForEncodings = 0;
			knownRegions = (
				en,
				Base,
			);
			mainGroup = E26F18192D0109A100F58685;
			minimizedProjectReferenceProxies = 1;
			preferredProjectObjectVersion = 77;
			productRefGroup = E26F18232D0109A100F58685 /* Products */;
			projectDirPath = "";
			projectRoot = "";
			targets = (
				E26F18212D0109A100F58685 /* VKTestWork */,
				E26F18332D0109B300F58685 /* VKTestWorkTests */,
				E26F183D2D0109B300F58685 /* VKTestWorkUITests */,
			);
		};
/* End PBXProject section */

/* Begin PBXResourcesBuildPhase section */
		E26F18202D0109A100F58685 /* Resources */ = {
			isa = PBXResourcesBuildPhase;
			buildActionMask = 2147483647;
			files = (
			);
			runOnlyForDeploymentPostprocessing = 0;
		};
		E26F18322D0109B300F58685 /* Resources */ = {
			isa = PBXResourcesBuildPhase;
			buildActionMask = 2147483647;
			files = (
			);
			runOnlyForDeploymentPostprocessing = 0;
		};
		E26F183C2D0109B300F58685 /* Resources */ = {
			isa = PBXResourcesBuildPhase;
			buildActionMask = 2147483647;
			files = (
			);
			runOnlyForDeploymentPostprocessing = 0;
		};
/* End PBXResourcesBuildPhase section */

/* Begin PBXSourcesBuildPhase section */
		E26F181E2D0109A100F58685 /* Sources */ = {
			isa = PBXSourcesBuildPhase;
			buildActionMask = 2147483647;
			files = (
			);
			runOnlyForDeploymentPostprocessing = 0;
		};
		E26F18302D0109B300F58685 /* Sources */ = {
			isa = PBXSourcesBuildPhase;
			buildActionMask = 2147483647;
			files = (
			);
			runOnlyForDeploymentPostprocessing = 0;
		};
		E26F183A2D0109B300F58685 /* Sources */ = {
			isa = PBXSourcesBuildPhase;
			buildActionMask = 2147483647;
			files = (
			);
			runOnlyForDeploymentPostprocessing = 0;
		};
/* End PBXSourcesBuildPhase section */

/* Begin PBXTargetDependency section */
		E26F18362D0109B300F58685 /* PBXTargetDependency */ = {
			isa = PBXTargetDependency;
			target = E26F18212D0109A100F58685 /* VKTestWork */;
			targetProxy = E26F18352D0109B300F58685 /* PBXContainerItemProxy */;
		};
		E26F18402D0109B300F58685 /* PBXTargetDependency */ = {
			isa = PBXTargetDependency;
			target = E26F18212D0109A100F58685 /* VKTestWork */;
			targetProxy = E26F183F2D0109B300F58685 /* PBXContainerItemProxy */;
		};
/* End PBXTargetDependency section */

/* Begin XCBuildConfiguration section */
		E26F18462D0109B300F58685 /* Debug */ = {
			isa = XCBuildConfiguration;
			buildSettings = {
				ALWAYS_SEARCH_USER_PATHS = NO;
				ASSETCATALOG_COMPILER_GENERATE_SWIFT_ASSET_SYMBOL_EXTENSIONS = YES;
				CLANG_ANALYZER_NONNULL = YES;
				CLANG_ANALYZER_NUMBER_OBJECT_CONVERSION = YES_AGGRESSIVE;
				CLANG_CXX_LANGUAGE_STANDARD = "gnu++20";
				CLANG_ENABLE_MODULES = YES;
				CLANG_ENABLE_OBJC_ARC = YES;
				CLANG_ENABLE_OBJC_WEAK = YES;
				CLANG_WARN_BLOCK_CAPTURE_AUTORELEASING = YES;
				CLANG_WARN_BOOL_CONVERSION = YES;
				CLANG_WARN_COMMA = YES;
				CLANG_WARN_CONSTANT_CONVERSION = YES;
				CLANG_WARN_DEPRECATED_OBJC_IMPLEMENTATIONS = YES;
				CLANG_WARN_DIRECT_OBJC_ISA_USAGE = YES_ERROR;
				CLANG_WARN_DOCUMENTATION_COMMENTS = YES;
				CLANG_WARN_EMPTY_BODY = YES;
				CLANG_WARN_ENUM_CONVERSION = YES;
				CLANG_WARN_INFINITE_RECURSION = YES;
				CLANG_WARN_INT_CONVERSION = YES;
				CLANG_WARN_NON_LITERAL_NULL_CONVERSION = YES;
				CLANG_WARN_OBJC_IMPLICIT_RETAIN_SELF = YES;
				CLANG_WARN_OBJC_LITERAL_CONVERSION = YES;
				CLANG_WARN_OBJC_ROOT_CLASS = YES_ERROR;
				CLANG_WARN_QUOTED_INCLUDE_IN_FRAMEWORK_HEADER = YES;
				CLANG_WARN_RANGE_LOOP_ANALYSIS = YES;
				CLANG_WARN_STRICT_PROTOTYPES = YES;
				CLANG_WARN_SUSPICIOUS_MOVE = YES;
				CLANG_WARN_UNGUARDED_AVAILABILITY = YES_AGGRESSIVE;
				CLANG_WARN_UNREACHABLE_CODE = YES;
				CLANG_WARN__DUPLICATE_METHOD_MATCH = YES;
				COPY_PHASE_STRIP = NO;
				DEBUG_INFORMATION_FORMAT = dwarf;
				ENABLE_STRICT_OBJC_MSGSEND = YES;
				ENABLE_TESTABILITY = YES;
				ENABLE_USER_SCRIPT_SANDBOXING = YES;
				GCC_C_LANGUAGE_STANDARD = gnu17;
				GCC_DYNAMIC_NO_PIC = NO;
				GCC_NO_COMMON_BLOCKS = YES;
				GCC_OPTIMIZATION_LEVEL = 0;
				GCC_PREPROCESSOR_DEFINITIONS = (
					"DEBUG=1",
					"$(inherited)",
				);
				GCC_WARN_64_TO_32_BIT_CONVERSION = YES;
				GCC_WARN_ABOUT_RETURN_TYPE = YES_ERROR;
				GCC_WARN_UNDECLARED_SELECTOR = YES;
				GCC_WARN_UNINITIALIZED_AUTOS = YES_AGGRESSIVE;
				GCC_WARN_UNUSED_FUNCTION = YES;
				GCC_WARN_UNUSED_VARIABLE = YES;
				IPHONEOS_DEPLOYMENT_TARGET = 18.1;
				LOCALIZATION_PREFERS_STRING_CATALOGS = YES;
				MTL_ENABLE_DEBUG_INFO = INCLUDE_SOURCE;
				MTL_FAST_MATH = YES;
				ONLY_ACTIVE_ARCH = YES;
				SDKROOT = iphoneos;
				SWIFT_ACTIVE_COMPILATION_CONDITIONS = "DEBUG $(inherited)";
				SWIFT_OPTIMIZATION_LEVEL = "-Onone";
			};
			name = Debug;
		};
		E26F18472D0109B300F58685 /* Release */ = {
			isa = XCBuildConfiguration;
			buildSettings = {
				ALWAYS_SEARCH_USER_PATHS = NO;
				ASSETCATALOG_COMPILER_GENERATE_SWIFT_ASSET_SYMBOL_EXTENSIONS = YES;
				CLANG_ANALYZER_NONNULL = YES;
				CLANG_ANALYZER_NUMBER_OBJECT_CONVERSION = YES_AGGRESSIVE;
				CLANG_CXX_LANGUAGE_STANDARD = "gnu++20";
				CLANG_ENABLE_MODULES = YES;
				CLANG_ENABLE_OBJC_ARC = YES;
				CLANG_ENABLE_OBJC_WEAK = YES;
				CLANG_WARN_BLOCK_CAPTURE_AUTORELEASING = YES;
				CLANG_WARN_BOOL_CONVERSION = YES;
				CLANG_WARN_COMMA = YES;
				CLANG_WARN_CONSTANT_CONVERSION = YES;
				CLANG_WARN_DEPRECATED_OBJC_IMPLEMENTATIONS = YES;
				CLANG_WARN_DIRECT_OBJC_ISA_USAGE = YES_ERROR;
				CLANG_WARN_DOCUMENTATION_COMMENTS = YES;
				CLANG_WARN_EMPTY_BODY = YES;
				CLANG_WARN_ENUM_CONVERSION = YES;
				CLANG_WARN_INFINITE_RECURSION = YES;
				CLANG_WARN_INT_CONVERSION = YES;
				CLANG_WARN_NON_LITERAL_NULL_CONVERSION = YES;
				CLANG_WARN_OBJC_IMPLICIT_RETAIN_SELF = YES;
				CLANG_WARN_OBJC_LITERAL_CONVERSION = YES;
				CLANG_WARN_OBJC_ROOT_CLASS = YES_ERROR;
				CLANG_WARN_QUOTED_INCLUDE_IN_FRAMEWORK_HEADER = YES;
				CLANG_WARN_RANGE_LOOP_ANALYSIS = YES;
				CLANG_WARN_STRICT_PROTOTYPES = YES;
				CLANG_WARN_SUSPICIOUS_MOVE = YES;
				CLANG_WARN_UNGUARDED_AVAILABILITY = YES_AGGRESSIVE;
				CLANG_WARN_UNREACHABLE_CODE = YES;
				CLANG_WARN__DUPLICATE_METHOD_MATCH = YES;
				COPY_PHASE_STRIP = NO;
				DEBUG_INFORMATION_FORMAT = "dwarf-with-dsym";
				ENABLE_NS_ASSERTIONS = NO;
				ENABLE_STRICT_OBJC_MSGSEND = YES;
				ENABLE_USER_SCRIPT_SANDBOXING = YES;
				GCC_C_LANGUAGE_STANDARD = gnu17;
				GCC_NO_COMMON_BLOCKS = YES;
				GCC_WARN_64_TO_32_BIT_CONVERSION = YES;
				GCC_WARN_ABOUT_RETURN_TYPE = YES_ERROR;
				GCC_WARN_UNDECLARED_SELECTOR = YES;
				GCC_WARN_UNINITIALIZED_AUTOS = YES_AGGRESSIVE;
				GCC_WARN_UNUSED_FUNCTION = YES;
				GCC_WARN_UNUSED_VARIABLE = YES;
				IPHONEOS_DEPLOYMENT_TARGET = 18.1;
				LOCALIZATION_PREFERS_STRING_CATALOGS = YES;
				MTL_ENABLE_DEBUG_INFO = NO;
				MTL_FAST_MATH = YES;
				SDKROOT = iphoneos;
				SWIFT_COMPILATION_MODE = wholemodule;
				VALIDATE_PRODUCT = YES;
			};
			name = Release;
		};
		E26F18492D0109B300F58685 /* Debug */ = {
			isa = XCBuildConfiguration;
			buildSettings = {
				ASSETCATALOG_COMPILER_APPICON_NAME = AppIcon;
				ASSETCATALOG_COMPILER_GLOBAL_ACCENT_COLOR_NAME = AccentColor;
				CODE_SIGN_STYLE = Automatic;
				CURRENT_PROJECT_VERSION = 1;
				DEVELOPMENT_ASSET_PATHS = "\"VKTestWork/Preview Content\"";
				ENABLE_PREVIEWS = YES;
				GENERATE_INFOPLIST_FILE = YES;
				INFOPLIST_KEY_UIApplicationSceneManifest_Generation = YES;
				INFOPLIST_KEY_UIApplicationSupportsIndirectInputEvents = YES;
				INFOPLIST_KEY_UILaunchScreen_Generation = YES;
				INFOPLIST_KEY_UISupportedInterfaceOrientations_iPad = "UIInterfaceOrientationPortrait UIInterfaceOrientationPortraitUpsideDown UIInterfaceOrientationLandscapeLeft UIInterfaceOrientationLandscapeRight";
				INFOPLIST_KEY_UISupportedInterfaceOrientations_iPhone = "UIInterfaceOrientationPortrait UIInterfaceOrientationLandscapeLeft UIInterfaceOrientationLandscapeRight";
				LD_RUNPATH_SEARCH_PATHS = (
					"$(inherited)",
					"@executable_path/Frameworks",
				);
				MARKETING_VERSION = 1.0;
				PRODUCT_BUNDLE_IDENTIFIER = savakotsur.VKTestWork;
				PRODUCT_NAME = "$(TARGET_NAME)";
				SWIFT_EMIT_LOC_STRINGS = YES;
				SWIFT_VERSION = 5.0;
				TARGETED_DEVICE_FAMILY = "1,2";
			};
			name = Debug;
		};
		E26F184A2D0109B300F58685 /* Release */ = {
			isa = XCBuildConfiguration;
			buildSettings = {
				ASSETCATALOG_COMPILER_APPICON_NAME = AppIcon;
				ASSETCATALOG_COMPILER_GLOBAL_ACCENT_COLOR_NAME = AccentColor;
				CODE_SIGN_STYLE = Automatic;
				CURRENT_PROJECT_VERSION = 1;
				DEVELOPMENT_ASSET_PATHS = "\"VKTestWork/Preview Content\"";
				ENABLE_PREVIEWS = YES;
				GENERATE_INFOPLIST_FILE = YES;
				INFOPLIST_KEY_UIApplicationSceneManifest_Generation = YES;
				INFOPLIST_KEY_UIApplicationSupportsIndirectInputEvents = YES;
				INFOPLIST_KEY_UILaunchScreen_Generation = YES;
				INFOPLIST_KEY_UISupportedInterfaceOrientations_iPad = "UIInterfaceOrientationPortrait UIInterfaceOrientationPortraitUpsideDown UIInterfaceOrientationLandscapeLeft UIInterfaceOrientationLandscapeRight";
				INFOPLIST_KEY_UISupportedInterfaceOrientations_iPhone = "UIInterfaceOrientationPortrait UIInterfaceOrientationLandscapeLeft UIInterfaceOrientationLandscapeRight";
				LD_RUNPATH_SEARCH_PATHS = (
					"$(inherited)",
					"@executable_path/Frameworks",
				);
				MARKETING_VERSION = 1.0;
				PRODUCT_BUNDLE_IDENTIFIER = savakotsur.VKTestWork;
				PRODUCT_NAME = "$(TARGET_NAME)";
				SWIFT_EMIT_LOC_STRINGS = YES;
				SWIFT_VERSION = 5.0;
				TARGETED_DEVICE_FAMILY = "1,2";
			};
			name = Release;
		};
		E26F184C2D0109B300F58685 /* Debug */ = {
			isa = XCBuildConfiguration;
			buildSettings = {
				BUNDLE_LOADER = "$(TEST_HOST)";
				CODE_SIGN_STYLE = Automatic;
				CURRENT_PROJECT_VERSION = 1;
				GENERATE_INFOPLIST_FILE = YES;
				IPHONEOS_DEPLOYMENT_TARGET = 18.1;
				MARKETING_VERSION = 1.0;
				PRODUCT_BUNDLE_IDENTIFIER = savakotsur.VKTestWorkTests;
				PRODUCT_NAME = "$(TARGET_NAME)";
				SWIFT_EMIT_LOC_STRINGS = NO;
				SWIFT_VERSION = 5.0;
				TARGETED_DEVICE_FAMILY = "1,2";
				TEST_HOST = "$(BUILT_PRODUCTS_DIR)/VKTestWork.app/$(BUNDLE_EXECUTABLE_FOLDER_PATH)/VKTestWork";
			};
			name = Debug;
		};
		E26F184D2D0109B300F58685 /* Release */ = {
			isa = XCBuildConfiguration;
			buildSettings = {
				BUNDLE_LOADER = "$(TEST_HOST)";
				CODE_SIGN_STYLE = Automatic;
				CURRENT_PROJECT_VERSION = 1;
				GENERATE_INFOPLIST_FILE = YES;
				IPHONEOS_DEPLOYMENT_TARGET = 18.1;
				MARKETING_VERSION = 1.0;
				PRODUCT_BUNDLE_IDENTIFIER = savakotsur.VKTestWorkTests;
				PRODUCT_NAME = "$(TARGET_NAME)";
				SWIFT_EMIT_LOC_STRINGS = NO;
				SWIFT_VERSION = 5.0;
				TARGETED_DEVICE_FAMILY = "1,2";
				TEST_HOST = "$(BUILT_PRODUCTS_DIR)/VKTestWork.app/$(BUNDLE_EXECUTABLE_FOLDER_PATH)/VKTestWork";
			};
			name = Release;
		};
		E26F184F2D0109B300F58685 /* Debug */ = {
			isa = XCBuildConfiguration;
			buildSettings = {
				CODE_SIGN_STYLE = Automatic;
				CURRENT_PROJECT_VERSION = 1;
				GENERATE_INFOPLIST_FILE = YES;
				MARKETING_VERSION = 1.0;
				PRODUCT_BUNDLE_IDENTIFIER = savakotsur.VKTestWorkUITests;
				PRODUCT_NAME = "$(TARGET_NAME)";
				SWIFT_EMIT_LOC_STRINGS = NO;
				SWIFT_VERSION = 5.0;
				TARGETED_DEVICE_FAMILY = "1,2";
				TEST_TARGET_NAME = VKTestWork;
			};
			name = Debug;
		};
		E26F18502D0109B300F58685 /* Release */ = {
			isa = XCBuildConfiguration;
			buildSettings = {
				CODE_SIGN_STYLE = Automatic;
				CURRENT_PROJECT_VERSION = 1;
				GENERATE_INFOPLIST_FILE = YES;
				MARKETING_VERSION = 1.0;
				PRODUCT_BUNDLE_IDENTIFIER = savakotsur.VKTestWorkUITests;
				PRODUCT_NAME = "$(TARGET_NAME)";
				SWIFT_EMIT_LOC_STRINGS = NO;
				SWIFT_VERSION = 5.0;
				TARGETED_DEVICE_FAMILY = "1,2";
				TEST_TARGET_NAME = VKTestWork;
			};
			name = Release;
		};
/* End XCBuildConfiguration section */

/* Begin XCConfigurationList section */
		E26F181D2D0109A100F58685 /* Build configuration list for PBXProject "VKTestWork" */ = {
			isa = XCConfigurationList;
			buildConfigurations = (
				E26F18462D0109B300F58685 /* Debug */,
				E26F18472D0109B300F58685 /* Release */,
			);
			defaultConfigurationIsVisible = 0;
			defaultConfigurationName = Release;
		};
		E26F18482D0109B300F58685 /* Build configuration list for PBXNativeTarget "VKTestWork" */ = {
			isa = XCConfigurationList;
			buildConfigurations = (
				E26F18492D0109B300F58685 /* Debug */,
				E26F184A2D0109B300F58685 /* Release */,
			);
			defaultConfigurationIsVisible = 0;
			defaultConfigurationName = Release;
		};
		E26F184B2D0109B300F58685 /* Build configuration list for PBXNativeTarget "VKTestWorkTests" */ = {
			isa = XCConfigurationList;
			buildConfigurations = (
				E26F184C2D0109B300F58685 /* Debug */,
				E26F184D2D0109B300F58685 /* Release */,
			);
			defaultConfigurationIsVisible = 0;
			defaultConfigurationName = Release;
		};
		E26F184E2D0109B300F58685 /* Build configuration list for PBXNativeTarget "VKTestWorkUITests" */ = {
			isa = XCConfigurationList;
			buildConfigurations = (
				E26F184F2D0109B300F58685 /* Debug */,
				E26F18502D0109B300F58685 /* Release */,
			);
			defaultConfigurationIsVisible = 0;
			defaultConfigurationName = Release;
		};
/* End XCConfigurationList section */
	};
	rootObject = E26F181A2D0109A100F58685 /* Project object */;
}
